
Microsoft Visual Studio Solution File, Format Version 12.00
# Visual Studio 2015
Project("{FAE04EC0-301F-11D3-BF4B-00C04F79EFBC}") = "MusicJam.CSharp.Plugins", "MusicJam.CSharp.Plugins.csproj", "{D0A1A544-01C4-07D6-FB84-131A19B5490A}"
EndProject
Project("{FAE04EC0-301F-11D3-BF4B-00C04F79EFBC}") = "MusicJam.CSharp", "MusicJam.CSharp.csproj", "{472F16AD-DCC7-0FC1-A850-0E8F3D6BE529}"
EndProject
Project("{FAE04EC0-301F-11D3-BF4B-00C04F79EFBC}") = "MusicJam.CSharp.Editor.Plugins", "MusicJam.CSharp.Editor.Plugins.csproj", "{CA72BD53-6740-4424-79EA-00C25687ED49}"
EndProject
Project("{FAE04EC0-301F-11D3-BF4B-00C04F79EFBC}") = "MusicJam.CSharp.Editor", "MusicJam.CSharp.Editor.csproj", "{82F11950-4DA2-8EDA-9459-2DC10F03FF2A}"
EndProject
Global
	GlobalSection(SolutionConfigurationPlatforms) = preSolution
		Debug|Any CPU = Debug|Any CPU
		Release|Any CPU = Release|Any CPU
	EndGlobalSection
	GlobalSection(ProjectConfigurationPlatforms) = postSolution
		{D0A1A544-01C4-07D6-FB84-131A19B5490A}.Debug|Any CPU.ActiveCfg = Debug|Any CPU
		{D0A1A544-01C4-07D6-FB84-131A19B5490A}.Debug|Any CPU.Build.0 = Debug|Any CPU
		{D0A1A544-01C4-07D6-FB84-131A19B5490A}.Release|Any CPU.ActiveCfg = Release|Any CPU
		{D0A1A544-01C4-07D6-FB84-131A19B5490A}.Release|Any CPU.Build.0 = Release|Any CPU
		{472F16AD-DCC7-0FC1-A850-0E8F3D6BE529}.Debug|Any CPU.ActiveCfg = Debug|Any CPU
		{472F16AD-DCC7-0FC1-A850-0E8F3D6BE529}.Debug|Any CPU.Build.0 = Debug|Any CPU
		{472F16AD-DCC7-0FC1-A850-0E8F3D6BE529}.Release|Any CPU.ActiveCfg = Release|Any CPU
		{472F16AD-DCC7-0FC1-A850-0E8F3D6BE529}.Release|Any CPU.Build.0 = Release|Any CPU
		{CA72BD53-6740-4424-79EA-00C25687ED49}.Debug|Any CPU.ActiveCfg = Debug|Any CPU
		{CA72BD53-6740-4424-79EA-00C25687ED49}.Debug|Any CPU.Build.0 = Debug|Any CPU
		{CA72BD53-6740-4424-79EA-00C25687ED49}.Release|Any CPU.ActiveCfg = Release|Any CPU
		{CA72BD53-6740-4424-79EA-00C25687ED49}.Release|Any CPU.Build.0 = Release|Any CPU
		{82F11950-4DA2-8EDA-9459-2DC10F03FF2A}.Debug|Any CPU.ActiveCfg = Debug|Any CPU
		{82F11950-4DA2-8EDA-9459-2DC10F03FF2A}.Debug|Any CPU.Build.0 = Debug|Any CPU
		{82F11950-4DA2-8EDA-9459-2DC10F03FF2A}.Release|Any CPU.ActiveCfg = Release|Any CPU
		{82F11950-4DA2-8EDA-9459-2DC10F03FF2A}.Release|Any CPU.Build.0 = Release|Any CPU
	EndGlobalSection
	GlobalSection(SolutionProperties) = preSolution
		HideSolutionNode = FALSE
	EndGlobalSection
EndGlobal
